
Microsoft Visual Studio Solution File, Format Version 12.00
# Visual Studio Version 17
VisualStudioVersion = 17.9.34902.65
MinimumVisualStudioVersion = 10.0.40219.1
Project("{FAE04EC0-301F-11D3-BF4B-00C04F79EFBC}") = "NguyenXuanVietWPF", "NguyenXuanVietWPF\NguyenXuanVietWPF.csproj", "{9B1A3C06-42A1-441E-A488-07C0EB1A5D4F}"
EndProject
Project("{2150E333-8FDC-42A3-9474-1A3956D46DE8}") = "BusinessLayer", "BusinessLayer", "{CAD96CB0-329A-45EE-99DF-A7F557A03BDC}"
EndProject
Project("{2150E333-8FDC-42A3-9474-1A3956D46DE8}") = "DataLayer", "DataLayer", "{CF66FED9-20F1-4D5C-8727-1A5EFC454754}"
EndProject
Project("{2150E333-8FDC-42A3-9474-1A3956D46DE8}") = "PresentationLayer", "PresentationLayer", "{589A36A0-06A5-49BA-A19D-0FB8C1DDC2B6}"
EndProject
Project("{FAE04EC0-301F-11D3-BF4B-00C04F79EFBC}") = "DataAccess", "DataAccess\DataAccess.csproj", "{BE4E449C-191C-4C13-A372-F8198647E5A0}"
EndProject
Project("{FAE04EC0-301F-11D3-BF4B-00C04F79EFBC}") = "BusinessObject", "BusinessObject\BusinessObject.csproj", "{8164B30B-1A8E-4EF2-9A4E-5C2740B2B405}"
EndProject
Global
	GlobalSection(SolutionConfigurationPlatforms) = preSolution
		Debug|Any CPU = Debug|Any CPU
		Release|Any CPU = Release|Any CPU
	EndGlobalSection
	GlobalSection(ProjectConfigurationPlatforms) = postSolution
		{9B1A3C06-42A1-441E-A488-07C0EB1A5D4F}.Debug|Any CPU.ActiveCfg = Debug|Any CPU
		{9B1A3C06-42A1-441E-A488-07C0EB1A5D4F}.Debug|Any CPU.Build.0 = Debug|Any CPU
		{9B1A3C06-42A1-441E-A488-07C0EB1A5D4F}.Release|Any CPU.ActiveCfg = Release|Any CPU
		{9B1A3C06-42A1-441E-A488-07C0EB1A5D4F}.Release|Any CPU.Build.0 = Release|Any CPU
		{BE4E449C-191C-4C13-A372-F8198647E5A0}.Debug|Any CPU.ActiveCfg = Debug|Any CPU
		{BE4E449C-191C-4C13-A372-F8198647E5A0}.Debug|Any CPU.Build.0 = Debug|Any CPU
		{BE4E449C-191C-4C13-A372-F8198647E5A0}.Release|Any CPU.ActiveCfg = Release|Any CPU
		{BE4E449C-191C-4C13-A372-F8198647E5A0}.Release|Any CPU.Build.0 = Release|Any CPU
		{8164B30B-1A8E-4EF2-9A4E-5C2740B2B405}.Debug|Any CPU.ActiveCfg = Debug|Any CPU
		{8164B30B-1A8E-4EF2-9A4E-5C2740B2B405}.Debug|Any CPU.Build.0 = Debug|Any CPU
		{8164B30B-1A8E-4EF2-9A4E-5C2740B2B405}.Release|Any CPU.ActiveCfg = Release|Any CPU
		{8164B30B-1A8E-4EF2-9A4E-5C2740B2B405}.Release|Any CPU.Build.0 = Release|Any CPU
	EndGlobalSection
	GlobalSection(SolutionProperties) = preSolution
		HideSolutionNode = FALSE
	EndGlobalSection
	GlobalSection(NestedProjects) = preSolution
		{9B1A3C06-42A1-441E-A488-07C0EB1A5D4F} = {589A36A0-06A5-49BA-A19D-0FB8C1DDC2B6}
		{BE4E449C-191C-4C13-A372-F8198647E5A0} = {CF66FED9-20F1-4D5C-8727-1A5EFC454754}
		{8164B30B-1A8E-4EF2-9A4E-5C2740B2B405} = {CAD96CB0-329A-45EE-99DF-A7F557A03BDC}
	EndGlobalSection
	GlobalSection(ExtensibilityGlobals) = postSolution
		SolutionGuid = {6E830D14-F958-4295-ACBD-8EC3BF9D73F6}
	EndGlobalSection
EndGlobal
